// !$*UTF8*$!
{
	archiveVersion = 1;
	classes = {
	};
	objectVersion = 48;
	objects = {

/* Begin PBXBuildFile section */
		A3132998206FE48700A66939 /* AppDelegate.swift in Sources */ = {isa = PBXBuildFile; fileRef = A3132997206FE48700A66939 /* AppDelegate.swift */; };
		A313299A206FE48700A66939 /* Scene.sks in Resources */ = {isa = PBXBuildFile; fileRef = A3132999206FE48700A66939 /* Scene.sks */; };
		A313299C206FE48700A66939 /* Scene.swift in Sources */ = {isa = PBXBuildFile; fileRef = A313299B206FE48700A66939 /* Scene.swift */; };
		A313299E206FE48700A66939 /* ViewController.swift in Sources */ = {isa = PBXBuildFile; fileRef = A313299D206FE48700A66939 /* ViewController.swift */; };
		A31329A1206FE48700A66939 /* Main.storyboard in Resources */ = {isa = PBXBuildFile; fileRef = A313299F206FE48700A66939 /* Main.storyboard */; };
		A31329A3206FE48700A66939 /* Assets.xcassets in Resources */ = {isa = PBXBuildFile; fileRef = A31329A2206FE48700A66939 /* Assets.xcassets */; };
		A31329A6206FE48700A66939 /* LaunchScreen.storyboard in Resources */ = {isa = PBXBuildFile; fileRef = A31329A4206FE48700A66939 /* LaunchScreen.storyboard */; };
/* End PBXBuildFile section */

/* Begin PBXFileReference section */
		A3132994206FE48700A66939 /* Meteor_AR.app */ = {isa = PBXFileReference; explicitFileType = wrapper.application; includeInIndex = 0; path = Meteor_AR.app; sourceTree = BUILT_PRODUCTS_DIR; };
		A3132997206FE48700A66939 /* AppDelegate.swift */ = {isa = PBXFileReference; lastKnownFileType = sourcecode.swift; path = AppDelegate.swift; sourceTree = "<group>"; };
		A3132999206FE48700A66939 /* Scene.sks */ = {isa = PBXFileReference; lastKnownFileType = file.sks; path = Scene.sks; sourceTree = "<group>"; };
		A313299B206FE48700A66939 /* Scene.swift */ = {isa = PBXFileReference; lastKnownFileType = sourcecode.swift; path = Scene.swift; sourceTree = "<group>"; };
		A313299D206FE48700A66939 /* ViewController.swift */ = {isa = PBXFileReference; lastKnownFileType = sourcecode.swift; path = ViewController.swift; sourceTree = "<group>"; };
		A31329A0206FE48700A66939 /* Base */ = {isa = PBXFileReference; lastKnownFileType = file.storyboard; name = Base; path = Base.lproj/Main.storyboard; sourceTree = "<group>"; };
		A31329A2206FE48700A66939 /* Assets.xcassets */ = {isa = PBXFileReference; lastKnownFileType = folder.assetcatalog; path = Assets.xcassets; sourceTree = "<group>"; };
		A31329A5206FE48700A66939 /* Base */ = {isa = PBXFileReference; lastKnownFileType = file.storyboard; name = Base; path = Base.lproj/LaunchScreen.storyboard; sourceTree = "<group>"; };
		A31329A7206FE48700A66939 /* Info.plist */ = {isa = PBXFileReference; lastKnownFileType = text.plist.xml; path = Info.plist; sourceTree = "<group>"; };
/* End PBXFileReference section */

/* Begin PBXFrameworksBuildPhase section */
		A3132991206FE48700A66939 /* Frameworks */ = {
			isa = PBXFrameworksBuildPhase;
			buildActionMask = 2147483647;
			files = (
			);
			runOnlyForDeploymentPostprocessing = 0;
		};
/* End PBXFrameworksBuildPhase section */

/* Begin PBXGroup section */
		A313298B206FE48700A66939 = {
			isa = PBXGroup;
			children = (
				A3132996206FE48700A66939 /* Meteor_AR */,
				A3132995206FE48700A66939 /* Products */,
			);
			sourceTree = "<group>";
		};
		A3132995206FE48700A66939 /* Products */ = {
			isa = PBXGroup;
			children = (
				A3132994206FE48700A66939 /* Meteor_AR.app */,
			);
			name = Products;
			sourceTree = "<group>";
		};
		A3132996206FE48700A66939 /* Meteor_AR */ = {
			isa = PBXGroup;
			children = (
				B6BAEF882071068B007D5FC9 /* Supporting Files */,
				B6BAEF892071171E007D5FC9 /* Sources */,
				B6BAEF8C20711767007D5FC9 /* Scenes */,
				B6BAEF8D2071178B007D5FC9 /* Resources */,
			);
			path = Meteor_AR;
			sourceTree = "<group>";
		};
		B6BAEF882071068B007D5FC9 /* Supporting Files */ = {
			isa = PBXGroup;
			children = (
				A31329A7206FE48700A66939 /* Info.plist */,
			);
			path = "Supporting Files";
			sourceTree = "<group>";
		};
		B6BAEF892071171E007D5FC9 /* Sources */ = {
			isa = PBXGroup;
			children = (
				B6BAEF8A20711731007D5FC9 /* Defaults */,
				B6BAEF8B20711745007D5FC9 /* Views */,
			);
			path = Sources;
			sourceTree = "<group>";
		};
		B6BAEF8A20711731007D5FC9 /* Defaults */ = {
			isa = PBXGroup;
			children = (
				A3132997206FE48700A66939 /* AppDelegate.swift */,
			);
			path = Defaults;
			sourceTree = "<group>";
		};
		B6BAEF8B20711745007D5FC9 /* Views */ = {
			isa = PBXGroup;
			children = (
				A31329A4206FE48700A66939 /* LaunchScreen.storyboard */,
				A313299F206FE48700A66939 /* Main.storyboard */,
				A313299D206FE48700A66939 /* ViewController.swift */,
			);
			path = Views;
			sourceTree = "<group>";
		};
		B6BAEF8C20711767007D5FC9 /* Scenes */ = {
			isa = PBXGroup;
			children = (
				A313299B206FE48700A66939 /* Scene.swift */,
				A3132999206FE48700A66939 /* Scene.sks */,
			);
			path = Scenes;
			sourceTree = "<group>";
		};
		B6BAEF8D2071178B007D5FC9 /* Resources */ = {
			isa = PBXGroup;
			children = (
				A31329A2206FE48700A66939 /* Assets.xcassets */,
			);
			path = Resources;
			sourceTree = "<group>";
		};
/* End PBXGroup section */

/* Begin PBXNativeTarget section */
		A3132993206FE48700A66939 /* Meteor_AR */ = {
			isa = PBXNativeTarget;
			buildConfigurationList = A31329AA206FE48700A66939 /* Build configuration list for PBXNativeTarget "Meteor_AR" */;
			buildPhases = (
				A3132990206FE48700A66939 /* Sources */,
				A3132991206FE48700A66939 /* Frameworks */,
				A3132992206FE48700A66939 /* Resources */,
			);
			buildRules = (
			);
			dependencies = (
			);
			name = Meteor_AR;
			productName = Meteor_AR;
			productReference = A3132994206FE48700A66939 /* Meteor_AR.app */;
			productType = "com.apple.product-type.application";
		};
/* End PBXNativeTarget section */

/* Begin PBXProject section */
		A313298C206FE48700A66939 /* Project object */ = {
			isa = PBXProject;
			attributes = {
				LastSwiftUpdateCheck = 0920;
				LastUpgradeCheck = 0920;
				ORGANIZATIONNAME = "otutama studio";
				TargetAttributes = {
					A3132993206FE48700A66939 = {
						CreatedOnToolsVersion = 9.2;
						ProvisioningStyle = Automatic;
					};
				};
			};
			buildConfigurationList = A313298F206FE48700A66939 /* Build configuration list for PBXProject "Meteor_AR" */;
			compatibilityVersion = "Xcode 8.0";
			developmentRegion = en;
			hasScannedForEncodings = 0;
			knownRegions = (
				en,
				Base,
			);
			mainGroup = A313298B206FE48700A66939;
			productRefGroup = A3132995206FE48700A66939 /* Products */;
			projectDirPath = "";
			projectRoot = "";
			targets = (
				A3132993206FE48700A66939 /* Meteor_AR */,
			);
		};
/* End PBXProject section */

/* Begin PBXResourcesBuildPhase section */
		A3132992206FE48700A66939 /* Resources */ = {
			isa = PBXResourcesBuildPhase;
			buildActionMask = 2147483647;
			files = (
				A313299A206FE48700A66939 /* Scene.sks in Resources */,
				A31329A6206FE48700A66939 /* LaunchScreen.storyboard in Resources */,
				A31329A3206FE48700A66939 /* Assets.xcassets in Resources */,
				A31329A1206FE48700A66939 /* Main.storyboard in Resources */,
			);
			runOnlyForDeploymentPostprocessing = 0;
		};
/* End PBXResourcesBuildPhase section */

/* Begin PBXSourcesBuildPhase section */
		A3132990206FE48700A66939 /* Sources */ = {
			isa = PBXSourcesBuildPhase;
			buildActionMask = 2147483647;
			files = (
				A313299E206FE48700A66939 /* ViewController.swift in Sources */,
				A313299C206FE48700A66939 /* Scene.swift in Sources */,
				A3132998206FE48700A66939 /* AppDelegate.swift in Sources */,
			);
			runOnlyForDeploymentPostprocessing = 0;
		};
/* End PBXSourcesBuildPhase section */

/* Begin PBXVariantGroup section */
		A313299F206FE48700A66939 /* Main.storyboard */ = {
			isa = PBXVariantGroup;
			children = (
				A31329A0206FE48700A66939 /* Base */,
			);
			name = Main.storyboard;
			sourceTree = "<group>";
		};
		A31329A4206FE48700A66939 /* LaunchScreen.storyboard */ = {
			isa = PBXVariantGroup;
			children = (
				A31329A5206FE48700A66939 /* Base */,
			);
			name = LaunchScreen.storyboard;
			sourceTree = "<group>";
		};
/* End PBXVariantGroup section */

/* Begin XCBuildConfiguration section */
		A31329A8206FE48700A66939 /* Debug */ = {
			isa = XCBuildConfiguration;
			buildSettings = {
				ALWAYS_SEARCH_USER_PATHS = NO;
				CLANG_ANALYZER_NONNULL = YES;
				CLANG_ANALYZER_NUMBER_OBJECT_CONVERSION = YES_AGGRESSIVE;
				CLANG_CXX_LANGUAGE_STANDARD = "gnu++14";
				CLANG_CXX_LIBRARY = "libc++";
				CLANG_ENABLE_MODULES = YES;
				CLANG_ENABLE_OBJC_ARC = YES;
				CLANG_WARN_BLOCK_CAPTURE_AUTORELEASING = YES;
				CLANG_WARN_BOOL_CONVERSION = YES;
				CLANG_WARN_COMMA = YES;
				CLANG_WARN_CONSTANT_CONVERSION = YES;
				CLANG_WARN_DIRECT_OBJC_ISA_USAGE = YES_ERROR;
				CLANG_WARN_DOCUMENTATION_COMMENTS = YES;
				CLANG_WARN_EMPTY_BODY = YES;
				CLANG_WARN_ENUM_CONVERSION = YES;
				CLANG_WARN_INFINITE_RECURSION = YES;
				CLANG_WARN_INT_CONVERSION = YES;
				CLANG_WARN_NON_LITERAL_NULL_CONVERSION = YES;
				CLANG_WARN_OBJC_LITERAL_CONVERSION = YES;
				CLANG_WARN_OBJC_ROOT_CLASS = YES_ERROR;
				CLANG_WARN_RANGE_LOOP_ANALYSIS = YES;
				CLANG_WARN_STRICT_PROTOTYPES = YES;
				CLANG_WARN_SUSPICIOUS_MOVE = YES;
				CLANG_WARN_UNGUARDED_AVAILABILITY = YES_AGGRESSIVE;
				CLANG_WARN_UNREACHABLE_CODE = YES;
				CLANG_WARN__DUPLICATE_METHOD_MATCH = YES;
				CODE_SIGN_IDENTITY = "iPhone Developer";
				COPY_PHASE_STRIP = NO;
				DEBUG_INFORMATION_FORMAT = dwarf;
				ENABLE_STRICT_OBJC_MSGSEND = YES;
				ENABLE_TESTABILITY = YES;
				GCC_C_LANGUAGE_STANDARD = gnu11;
				GCC_DYNAMIC_NO_PIC = NO;
				GCC_NO_COMMON_BLOCKS = YES;
				GCC_OPTIMIZATION_LEVEL = 0;
				GCC_PREPROCESSOR_DEFINITIONS = (
					"DEBUG=1",
					"$(inherited)",
				);
				GCC_WARN_64_TO_32_BIT_CONVERSION = YES;
				GCC_WARN_ABOUT_RETURN_TYPE = YES_ERROR;
				GCC_WARN_UNDECLARED_SELECTOR = YES;
				GCC_WARN_UNINITIALIZED_AUTOS = YES_AGGRESSIVE;
				GCC_WARN_UNUSED_FUNCTION = YES;
				GCC_WARN_UNUSED_VARIABLE = YES;
				IPHONEOS_DEPLOYMENT_TARGET = 11.2;
				MTL_ENABLE_DEBUG_INFO = YES;
				ONLY_ACTIVE_ARCH = YES;
				SDKROOT = iphoneos;
				SWIFT_ACTIVE_COMPILATION_CONDITIONS = DEBUG;
				SWIFT_OPTIMIZATION_LEVEL = "-Onone";
			};
			name = Debug;
		};
		A31329A9206FE48700A66939 /* Release */ = {
			isa = XCBuildConfiguration;
			buildSettings = {
				ALWAYS_SEARCH_USER_PATHS = NO;
				CLANG_ANALYZER_NONNULL = YES;
				CLANG_ANALYZER_NUMBER_OBJECT_CONVERSION = YES_AGGRESSIVE;
				CLANG_CXX_LANGUAGE_STANDARD = "gnu++14";
				CLANG_CXX_LIBRARY = "libc++";
				CLANG_ENABLE_MODULES = YES;
				CLANG_ENABLE_OBJC_ARC = YES;
				CLANG_WARN_BLOCK_CAPTURE_AUTORELEASING = YES;
				CLANG_WARN_BOOL_CONVERSION = YES;
				CLANG_WARN_COMMA = YES;
				CLANG_WARN_CONSTANT_CONVERSION = YES;
				CLANG_WARN_DIRECT_OBJC_ISA_USAGE = YES_ERROR;
				CLANG_WARN_DOCUMENTATION_COMMENTS = YES;
				CLANG_WARN_EMPTY_BODY = YES;
				CLANG_WARN_ENUM_CONVERSION = YES;
				CLANG_WARN_INFINITE_RECURSION = YES;
				CLANG_WARN_INT_CONVERSION = YES;
				CLANG_WARN_NON_LITERAL_NULL_CONVERSION = YES;
				CLANG_WARN_OBJC_LITERAL_CONVERSION = YES;
				CLANG_WARN_OBJC_ROOT_CLASS = YES_ERROR;
				CLANG_WARN_RANGE_LOOP_ANALYSIS = YES;
				CLANG_WARN_STRICT_PROTOTYPES = YES;
				CLANG_WARN_SUSPICIOUS_MOVE = YES;
				CLANG_WARN_UNGUARDED_AVAILABILITY = YES_AGGRESSIVE;
				CLANG_WARN_UNREACHABLE_CODE = YES;
				CLANG_WARN__DUPLICATE_METHOD_MATCH = YES;
				CODE_SIGN_IDENTITY = "iPhone Developer";
				COPY_PHASE_STRIP = NO;
				DEBUG_INFORMATION_FORMAT = "dwarf-with-dsym";
				ENABLE_NS_ASSERTIONS = NO;
				ENABLE_STRICT_OBJC_MSGSEND = YES;
				GCC_C_LANGUAGE_STANDARD = gnu11;
				GCC_NO_COMMON_BLOCKS = YES;
				GCC_WARN_64_TO_32_BIT_CONVERSION = YES;
				GCC_WARN_ABOUT_RETURN_TYPE = YES_ERROR;
				GCC_WARN_UNDECLARED_SELECTOR = YES;
				GCC_WARN_UNINITIALIZED_AUTOS = YES_AGGRESSIVE;
				GCC_WARN_UNUSED_FUNCTION = YES;
				GCC_WARN_UNUSED_VARIABLE = YES;
				IPHONEOS_DEPLOYMENT_TARGET = 11.2;
				MTL_ENABLE_DEBUG_INFO = NO;
				SDKROOT = iphoneos;
				SWIFT_OPTIMIZATION_LEVEL = "-Owholemodule";
				VALIDATE_PRODUCT = YES;
			};
			name = Release;
		};
		A31329AB206FE48700A66939 /* Debug */ = {
			isa = XCBuildConfiguration;
			buildSettings = {
				ASSETCATALOG_COMPILER_APPICON_NAME = AppIcon;
				CODE_SIGN_STYLE = Automatic;
				DEVELOPMENT_TEAM = 5L6RZ6S9L7;
				INFOPLIST_FILE = "$(SRCROOT)/Meteor_AR/Supporting Files/Info.plist";
				LD_RUNPATH_SEARCH_PATHS = "$(inherited) @executable_path/Frameworks";
				PRODUCT_BUNDLE_IDENTIFIER = "net.otutama.Meteor-AR";
				PRODUCT_NAME = "$(TARGET_NAME)";
				SWIFT_VERSION = 4.0;
				TARGETED_DEVICE_FAMILY = "1,2";
			};
			name = Debug;
		};
		A31329AC206FE48700A66939 /* Release */ = {
			isa = XCBuildConfiguration;
			buildSettings = {
				ASSETCATALOG_COMPILER_APPICON_NAME = AppIcon;
				CODE_SIGN_STYLE = Automatic;
				DEVELOPMENT_TEAM = 5L6RZ6S9L7;
				INFOPLIST_FILE = "$(SRCROOT)/Meteor_AR/Supporting Files/Info.plist";
				LD_RUNPATH_SEARCH_PATHS = "$(inherited) @executable_path/Frameworks";
				PRODUCT_BUNDLE_IDENTIFIER = "net.otutama.Meteor-AR";
				PRODUCT_NAME = "$(TARGET_NAME)";
				SWIFT_VERSION = 4.0;
				TARGETED_DEVICE_FAMILY = "1,2";
			};
			name = Release;
		};
/* End XCBuildConfiguration section */

/* Begin XCConfigurationList section */
		A313298F206FE48700A66939 /* Build configuration list for PBXProject "Meteor_AR" */ = {
			isa = XCConfigurationList;
			buildConfigurations = (
				A31329A8206FE48700A66939 /* Debug */,
				A31329A9206FE48700A66939 /* Release */,
			);
			defaultConfigurationIsVisible = 0;
			defaultConfigurationName = Release;
		};
		A31329AA206FE48700A66939 /* Build configuration list for PBXNativeTarget "Meteor_AR" */ = {
			isa = XCConfigurationList;
			buildConfigurations = (
				A31329AB206FE48700A66939 /* Debug */,
				A31329AC206FE48700A66939 /* Release */,
			);
			defaultConfigurationIsVisible = 0;
			defaultConfigurationName = Release;
		};
/* End XCConfigurationList section */
	};
	rootObject = A313298C206FE48700A66939 /* Project object */;
}
